// !$*UTF8*$!
{
	archiveVersion = 1;
	classes = {
	};
	objectVersion = 46;
	objects = {

/* Begin PBXBuildFile section */
		B0C9C0B61CBF2B0900269D1E /* AppDelegate.swift in Sources */ = {isa = PBXBuildFile; fileRef = B0C9C0B51CBF2B0900269D1E /* AppDelegate.swift */; };
		B0C9C0B81CBF2B0900269D1E /* ViewController.swift in Sources */ = {isa = PBXBuildFile; fileRef = B0C9C0B71CBF2B0900269D1E /* ViewController.swift */; };
		B0C9C0BB1CBF2B0900269D1E /* Main.storyboard in Resources */ = {isa = PBXBuildFile; fileRef = B0C9C0B91CBF2B0900269D1E /* Main.storyboard */; };
		B0C9C0BD1CBF2B0900269D1E /* Assets.xcassets in Resources */ = {isa = PBXBuildFile; fileRef = B0C9C0BC1CBF2B0900269D1E /* Assets.xcassets */; };
		B0C9C0C01CBF2B0900269D1E /* LaunchScreen.storyboard in Resources */ = {isa = PBXBuildFile; fileRef = B0C9C0BE1CBF2B0900269D1E /* LaunchScreen.storyboard */; };
		B0C9C0C81CBF2B1E00269D1E /* Adlib.framework in Frameworks */ = {isa = PBXBuildFile; fileRef = B0C9C0C71CBF2B1E00269D1E /* Adlib.framework */; };
		B0C9C0CF1CBF2B3500269D1E /* _TriDCommon.lua in Resources */ = {isa = PBXBuildFile; fileRef = B0C9C0CA1CBF2B3500269D1E /* _TriDCommon.lua */; };
		B0C9C0D01CBF2B3500269D1E /* _TriDDynamicData.lua in Resources */ = {isa = PBXBuildFile; fileRef = B0C9C0CB1CBF2B3500269D1E /* _TriDDynamicData.lua */; };
		B0C9C0D11CBF2B3500269D1E /* _TriDStartup.lua in Resources */ = {isa = PBXBuildFile; fileRef = B0C9C0CC1CBF2B3500269D1E /* _TriDStartup.lua */; };
		B0C9C0D21CBF2B3500269D1E /* Adlib.bundle in Resources */ = {isa = PBXBuildFile; fileRef = B0C9C0CD1CBF2B3500269D1E /* Adlib.bundle */; };
		B0C9C0D31CBF2B3500269D1E /* json.lua in Resources */ = {isa = PBXBuildFile; fileRef = B0C9C0CE1CBF2B3500269D1E /* json.lua */; };
		B0C9C0D81CBF2C1000269D1E /* ObjcClass.m in Sources */ = {isa = PBXBuildFile; fileRef = B0C9C0D71CBF2C1000269D1E /* ObjcClass.m */; };
		B0C9C0DA1CBF2EDB00269D1E /* libstdc++.6.0.9.tbd in Frameworks */ = {isa = PBXBuildFile; fileRef = B0C9C0D91CBF2EDB00269D1E /* libstdc++.6.0.9.tbd */; };
		B0C9C0DD1CBF2F0F00269D1E /* libxml2.2.tbd in Frameworks */ = {isa = PBXBuildFile; fileRef = B0C9C0DC1CBF2F0F00269D1E /* libxml2.2.tbd */; };
		B0CC88101CBF3FB40070E644 /* SubAdlibAdViewAdmob.m in Sources */ = {isa = PBXBuildFile; fileRef = B0CC87FA1CBF3FB40070E644 /* SubAdlibAdViewAdmob.m */; };
		B0CC881B1CBF3FE50070E644 /* GoogleMobileAds.framework in Frameworks */ = {isa = PBXBuildFile; fileRef = B0CC881A1CBF3FE50070E644 /* GoogleMobileAds.framework */; };
/* End PBXBuildFile section */

/* Begin PBXFileReference section */
		B0C9C0B21CBF2B0900269D1E /* AdlibSDKSwiftSample.app */ = {isa = PBXFileReference; explicitFileType = wrapper.application; includeInIndex = 0; path = AdlibSDKSwiftSample.app; sourceTree = BUILT_PRODUCTS_DIR; };
		B0C9C0B51CBF2B0900269D1E /* AppDelegate.swift */ = {isa = PBXFileReference; lastKnownFileType = sourcecode.swift; path = AppDelegate.swift; sourceTree = "<group>"; };
		B0C9C0B71CBF2B0900269D1E /* ViewController.swift */ = {isa = PBXFileReference; lastKnownFileType = sourcecode.swift; path = ViewController.swift; sourceTree = "<group>"; };
		B0C9C0BA1CBF2B0900269D1E /* Base */ = {isa = PBXFileReference; lastKnownFileType = file.storyboard; name = Base; path = Base.lproj/Main.storyboard; sourceTree = "<group>"; };
		B0C9C0BC1CBF2B0900269D1E /* Assets.xcassets */ = {isa = PBXFileReference; lastKnownFileType = folder.assetcatalog; path = Assets.xcassets; sourceTree = "<group>"; };
		B0C9C0BF1CBF2B0900269D1E /* Base */ = {isa = PBXFileReference; lastKnownFileType = file.storyboard; name = Base; path = Base.lproj/LaunchScreen.storyboard; sourceTree = "<group>"; };
		B0C9C0C11CBF2B0900269D1E /* Info.plist */ = {isa = PBXFileReference; lastKnownFileType = text.plist.xml; path = Info.plist; sourceTree = "<group>"; };
		B0C9C0C71CBF2B1E00269D1E /* Adlib.framework */ = {isa = PBXFileReference; lastKnownFileType = wrapper.framework; name = Adlib.framework; path = AdlibSDKSwiftSample/Adlib.framework; sourceTree = "<group>"; };
		B0C9C0CA1CBF2B3500269D1E /* _TriDCommon.lua */ = {isa = PBXFileReference; fileEncoding = 4; lastKnownFileType = text; path = _TriDCommon.lua; sourceTree = "<group>"; };
		B0C9C0CB1CBF2B3500269D1E /* _TriDDynamicData.lua */ = {isa = PBXFileReference; fileEncoding = 4; lastKnownFileType = text; path = _TriDDynamicData.lua; sourceTree = "<group>"; };
		B0C9C0CC1CBF2B3500269D1E /* _TriDStartup.lua */ = {isa = PBXFileReference; fileEncoding = 4; lastKnownFileType = text; path = _TriDStartup.lua; sourceTree = "<group>"; };
		B0C9C0CD1CBF2B3500269D1E /* Adlib.bundle */ = {isa = PBXFileReference; lastKnownFileType = "wrapper.plug-in"; path = Adlib.bundle; sourceTree = "<group>"; };
		B0C9C0CE1CBF2B3500269D1E /* json.lua */ = {isa = PBXFileReference; fileEncoding = 4; lastKnownFileType = text; path = json.lua; sourceTree = "<group>"; };
		B0C9C0D51CBF2C1000269D1E /* AdlibSDKSwiftSample-Bridging-Header.h */ = {isa = PBXFileReference; lastKnownFileType = sourcecode.c.h; path = "AdlibSDKSwiftSample-Bridging-Header.h"; sourceTree = "<group>"; };
		B0C9C0D61CBF2C1000269D1E /* ObjcClass.h */ = {isa = PBXFileReference; fileEncoding = 4; lastKnownFileType = sourcecode.c.h; path = ObjcClass.h; sourceTree = "<group>"; };
		B0C9C0D71CBF2C1000269D1E /* ObjcClass.m */ = {isa = PBXFileReference; fileEncoding = 4; lastKnownFileType = sourcecode.c.objc; path = ObjcClass.m; sourceTree = "<group>"; };
		B0C9C0D91CBF2EDB00269D1E /* libstdc++.6.0.9.tbd */ = {isa = PBXFileReference; lastKnownFileType = "sourcecode.text-based-dylib-definition"; name = "libstdc++.6.0.9.tbd"; path = "usr/lib/libstdc++.6.0.9.tbd"; sourceTree = SDKROOT; };
		B0C9C0DC1CBF2F0F00269D1E /* libxml2.2.tbd */ = {isa = PBXFileReference; lastKnownFileType = "sourcecode.text-based-dylib-definition"; name = libxml2.2.tbd; path = usr/lib/libxml2.2.tbd; sourceTree = SDKROOT; };
		B0CC87F91CBF3FB40070E644 /* SubAdlibAdViewAdmob.h */ = {isa = PBXFileReference; fileEncoding = 4; lastKnownFileType = sourcecode.c.h; path = SubAdlibAdViewAdmob.h; sourceTree = "<group>"; };
		B0CC87FA1CBF3FB40070E644 /* SubAdlibAdViewAdmob.m */ = {isa = PBXFileReference; fileEncoding = 4; lastKnownFileType = sourcecode.c.objc; path = SubAdlibAdViewAdmob.m; sourceTree = "<group>"; };
		B0CC881A1CBF3FE50070E644 /* GoogleMobileAds.framework */ = {isa = PBXFileReference; lastKnownFileType = wrapper.framework; path = GoogleMobileAds.framework; sourceTree = "<group>"; };
/* End PBXFileReference section */

/* Begin PBXFrameworksBuildPhase section */
		B0C9C0AF1CBF2B0900269D1E /* Frameworks */ = {
			isa = PBXFrameworksBuildPhase;
			buildActionMask = 2147483647;
			files = (
				B0C9C0DD1CBF2F0F00269D1E /* libxml2.2.tbd in Frameworks */,
				B0C9C0DA1CBF2EDB00269D1E /* libstdc++.6.0.9.tbd in Frameworks */,
				B0CC881B1CBF3FE50070E644 /* GoogleMobileAds.framework in Frameworks */,
				B0C9C0C81CBF2B1E00269D1E /* Adlib.framework in Frameworks */,
			);
			runOnlyForDeploymentPostprocessing = 0;
		};
/* End PBXFrameworksBuildPhase section */

/* Begin PBXGroup section */
		B0C9C0A91CBF2B0900269D1E = {
			isa = PBXGroup;
			children = (
				B0C9C0B41CBF2B0900269D1E /* AdlibSDKSwiftSample */,
				B0C9C0B31CBF2B0900269D1E /* Products */,
			);
			sourceTree = "<group>";
		};
		B0C9C0B31CBF2B0900269D1E /* Products */ = {
			isa = PBXGroup;
			children = (
				B0C9C0B21CBF2B0900269D1E /* AdlibSDKSwiftSample.app */,
			);
			name = Products;
			sourceTree = "<group>";
		};
		B0C9C0B41CBF2B0900269D1E /* AdlibSDKSwiftSample */ = {
			isa = PBXGroup;
			children = (
				B0CC87F01CBF3FB40070E644 /* ads */,
				B0C9C0DB1CBF2EE500269D1E /* Frameworks */,
				B0C9C0D41CBF2BF400269D1E /* ObjC */,
				B0C9C0C91CBF2B3500269D1E /* AdlibResources */,
				B0C9C0B51CBF2B0900269D1E /* AppDelegate.swift */,
				B0C9C0B71CBF2B0900269D1E /* ViewController.swift */,
				B0C9C0B91CBF2B0900269D1E /* Main.storyboard */,
				B0C9C0BC1CBF2B0900269D1E /* Assets.xcassets */,
				B0C9C0BE1CBF2B0900269D1E /* LaunchScreen.storyboard */,
				B0C9C0C11CBF2B0900269D1E /* Info.plist */,
			);
			path = AdlibSDKSwiftSample;
			sourceTree = "<group>";
		};
		B0C9C0C91CBF2B3500269D1E /* AdlibResources */ = {
			isa = PBXGroup;
			children = (
				B0C9C0CA1CBF2B3500269D1E /* _TriDCommon.lua */,
				B0C9C0CB1CBF2B3500269D1E /* _TriDDynamicData.lua */,
				B0C9C0CC1CBF2B3500269D1E /* _TriDStartup.lua */,
				B0C9C0CD1CBF2B3500269D1E /* Adlib.bundle */,
				B0C9C0CE1CBF2B3500269D1E /* json.lua */,
			);
			path = AdlibResources;
			sourceTree = "<group>";
		};
		B0C9C0D41CBF2BF400269D1E /* ObjC */ = {
			isa = PBXGroup;
			children = (
				B0C9C0D61CBF2C1000269D1E /* ObjcClass.h */,
				B0C9C0D71CBF2C1000269D1E /* ObjcClass.m */,
				B0C9C0D51CBF2C1000269D1E /* AdlibSDKSwiftSample-Bridging-Header.h */,
			);
			path = ObjC;
			sourceTree = "<group>";
		};
		B0C9C0DB1CBF2EE500269D1E /* Frameworks */ = {
			isa = PBXGroup;
			children = (
				B0CC881A1CBF3FE50070E644 /* GoogleMobileAds.framework */,
				B0C9C0C71CBF2B1E00269D1E /* Adlib.framework */,
				B0C9C0DC1CBF2F0F00269D1E /* libxml2.2.tbd */,
				B0C9C0D91CBF2EDB00269D1E /* libstdc++.6.0.9.tbd */,
			);
			name = Frameworks;
			path = ..;
			sourceTree = "<group>";
		};
		B0CC87F01CBF3FB40070E644 /* ads */ = {
			isa = PBXGroup;
			children = (
				B0CC87F11CBF3FB40070E644 /* adlib.mocoplex */,
			);
			path = ads;
			sourceTree = "<group>";
		};
		B0CC87F11CBF3FB40070E644 /* adlib.mocoplex */ = {
			isa = PBXGroup;
			children = (
				B0CC87F21CBF3FB40070E644 /* SubAdView */,
			);
			path = adlib.mocoplex;
			sourceTree = "<group>";
		};
		B0CC87F21CBF3FB40070E644 /* SubAdView */ = {
			isa = PBXGroup;
			children = (
				B0CC87F91CBF3FB40070E644 /* SubAdlibAdViewAdmob.h */,
				B0CC87FA1CBF3FB40070E644 /* SubAdlibAdViewAdmob.m */,
			);
			path = SubAdView;
			sourceTree = "<group>";
		};
/* End PBXGroup section */

/* Begin PBXNativeTarget section */
		B0C9C0B11CBF2B0900269D1E /* AdlibSDKSwiftSample */ = {
			isa = PBXNativeTarget;
			buildConfigurationList = B0C9C0C41CBF2B0900269D1E /* Build configuration list for PBXNativeTarget "AdlibSDKSwiftSample" */;
			buildPhases = (
				B0C9C0AE1CBF2B0900269D1E /* Sources */,
				B0C9C0AF1CBF2B0900269D1E /* Frameworks */,
				B0C9C0B01CBF2B0900269D1E /* Resources */,
			);
			buildRules = (
			);
			dependencies = (
			);
			name = AdlibSDKSwiftSample;
			productName = AdlibSDKSwiftSample;
			productReference = B0C9C0B21CBF2B0900269D1E /* AdlibSDKSwiftSample.app */;
			productType = "com.apple.product-type.application";
		};
/* End PBXNativeTarget section */

/* Begin PBXProject section */
		B0C9C0AA1CBF2B0900269D1E /* Project object */ = {
			isa = PBXProject;
			attributes = {
				LastSwiftUpdateCheck = 0730;
				LastUpgradeCheck = 0730;
				ORGANIZATIONNAME = mocoplex;
				TargetAttributes = {
					B0C9C0B11CBF2B0900269D1E = {
						CreatedOnToolsVersion = 7.3;
					};
				};
			};
			buildConfigurationList = B0C9C0AD1CBF2B0900269D1E /* Build configuration list for PBXProject "AdlibSDKSwiftSample" */;
			compatibilityVersion = "Xcode 3.2";
			developmentRegion = English;
			hasScannedForEncodings = 0;
			knownRegions = (
				en,
				Base,
			);
			mainGroup = B0C9C0A91CBF2B0900269D1E;
			productRefGroup = B0C9C0B31CBF2B0900269D1E /* Products */;
			projectDirPath = "";
			projectRoot = "";
			targets = (
				B0C9C0B11CBF2B0900269D1E /* AdlibSDKSwiftSample */,
			);
		};
/* End PBXProject section */

/* Begin PBXResourcesBuildPhase section */
		B0C9C0B01CBF2B0900269D1E /* Resources */ = {
			isa = PBXResourcesBuildPhase;
			buildActionMask = 2147483647;
			files = (
				B0C9C0C01CBF2B0900269D1E /* LaunchScreen.storyboard in Resources */,
				B0C9C0D11CBF2B3500269D1E /* _TriDStartup.lua in Resources */,
				B0C9C0D31CBF2B3500269D1E /* json.lua in Resources */,
				B0C9C0BD1CBF2B0900269D1E /* Assets.xcassets in Resources */,
				B0C9C0CF1CBF2B3500269D1E /* _TriDCommon.lua in Resources */,
				B0C9C0D01CBF2B3500269D1E /* _TriDDynamicData.lua in Resources */,
				B0C9C0BB1CBF2B0900269D1E /* Main.storyboard in Resources */,
				B0C9C0D21CBF2B3500269D1E /* Adlib.bundle in Resources */,
			);
			runOnlyForDeploymentPostprocessing = 0;
		};
/* End PBXResourcesBuildPhase section */

/* Begin PBXSourcesBuildPhase section */
		B0C9C0AE1CBF2B0900269D1E /* Sources */ = {
			isa = PBXSourcesBuildPhase;
			buildActionMask = 2147483647;
			files = (
				B0CC88101CBF3FB40070E644 /* SubAdlibAdViewAdmob.m in Sources */,
				B0C9C0B81CBF2B0900269D1E /* ViewController.swift in Sources */,
				B0C9C0D81CBF2C1000269D1E /* ObjcClass.m in Sources */,
				B0C9C0B61CBF2B0900269D1E /* AppDelegate.swift in Sources */,
			);
			runOnlyForDeploymentPostprocessing = 0;
		};
/* End PBXSourcesBuildPhase section */

/* Begin PBXVariantGroup section */
		B0C9C0B91CBF2B0900269D1E /* Main.storyboard */ = {
			isa = PBXVariantGroup;
			children = (
				B0C9C0BA1CBF2B0900269D1E /* Base */,
			);
			name = Main.storyboard;
			sourceTree = "<group>";
		};
		B0C9C0BE1CBF2B0900269D1E /* LaunchScreen.storyboard */ = {
			isa = PBXVariantGroup;
			children = (
				B0C9C0BF1CBF2B0900269D1E /* Base */,
			);
			name = LaunchScreen.storyboard;
			sourceTree = "<group>";
		};
/* End PBXVariantGroup section */

/* Begin XCBuildConfiguration section */
		B0C9C0C21CBF2B0900269D1E /* Debug */ = {
			isa = XCBuildConfiguration;
			buildSettings = {
				ALWAYS_SEARCH_USER_PATHS = NO;
				CLANG_ANALYZER_NONNULL = YES;
				CLANG_CXX_LANGUAGE_STANDARD = "gnu++0x";
				CLANG_CXX_LIBRARY = "libc++";
				CLANG_ENABLE_MODULES = YES;
				CLANG_ENABLE_OBJC_ARC = YES;
				CLANG_WARN_BOOL_CONVERSION = YES;
				CLANG_WARN_CONSTANT_CONVERSION = YES;
				CLANG_WARN_DIRECT_OBJC_ISA_USAGE = YES_ERROR;
				CLANG_WARN_EMPTY_BODY = YES;
				CLANG_WARN_ENUM_CONVERSION = YES;
				CLANG_WARN_INT_CONVERSION = YES;
				CLANG_WARN_OBJC_ROOT_CLASS = YES_ERROR;
				CLANG_WARN_UNREACHABLE_CODE = YES;
				CLANG_WARN__DUPLICATE_METHOD_MATCH = YES;
				"CODE_SIGN_IDENTITY[sdk=iphoneos*]" = "iPhone Developer";
				COPY_PHASE_STRIP = NO;
				DEBUG_INFORMATION_FORMAT = dwarf;
				ENABLE_STRICT_OBJC_MSGSEND = YES;
				ENABLE_TESTABILITY = YES;
				GCC_C_LANGUAGE_STANDARD = gnu99;
				GCC_DYNAMIC_NO_PIC = NO;
				GCC_NO_COMMON_BLOCKS = YES;
				GCC_OPTIMIZATION_LEVEL = 0;
				GCC_PREPROCESSOR_DEFINITIONS = (
					"DEBUG=1",
					"$(inherited)",
				);
				GCC_WARN_64_TO_32_BIT_CONVERSION = YES;
				GCC_WARN_ABOUT_RETURN_TYPE = YES_ERROR;
				GCC_WARN_UNDECLARED_SELECTOR = YES;
				GCC_WARN_UNINITIALIZED_AUTOS = YES_AGGRESSIVE;
				GCC_WARN_UNUSED_FUNCTION = YES;
				GCC_WARN_UNUSED_VARIABLE = YES;
				IPHONEOS_DEPLOYMENT_TARGET = 9.3;
				MTL_ENABLE_DEBUG_INFO = YES;
				ONLY_ACTIVE_ARCH = YES;
				OTHER_LDFLAGS = "-ObjC";
				SDKROOT = iphoneos;
				SWIFT_OPTIMIZATION_LEVEL = "-Onone";
				TARGETED_DEVICE_FAMILY = "1,2";
			};
			name = Debug;
		};
		B0C9C0C31CBF2B0900269D1E /* Release */ = {
			isa = XCBuildConfiguration;
			buildSettings = {
				ALWAYS_SEARCH_USER_PATHS = NO;
				CLANG_ANALYZER_NONNULL = YES;
				CLANG_CXX_LANGUAGE_STANDARD = "gnu++0x";
				CLANG_CXX_LIBRARY = "libc++";
				CLANG_ENABLE_MODULES = YES;
				CLANG_ENABLE_OBJC_ARC = YES;
				CLANG_WARN_BOOL_CONVERSION = YES;
				CLANG_WARN_CONSTANT_CONVERSION = YES;
				CLANG_WARN_DIRECT_OBJC_ISA_USAGE = YES_ERROR;
				CLANG_WARN_EMPTY_BODY = YES;
				CLANG_WARN_ENUM_CONVERSION = YES;
				CLANG_WARN_INT_CONVERSION = YES;
				CLANG_WARN_OBJC_ROOT_CLASS = YES_ERROR;
				CLANG_WARN_UNREACHABLE_CODE = YES;
				CLANG_WARN__DUPLICATE_METHOD_MATCH = YES;
				"CODE_SIGN_IDENTITY[sdk=iphoneos*]" = "iPhone Developer";
				COPY_PHASE_STRIP = NO;
				DEBUG_INFORMATION_FORMAT = "dwarf-with-dsym";
				ENABLE_NS_ASSERTIONS = NO;
				ENABLE_STRICT_OBJC_MSGSEND = YES;
				GCC_C_LANGUAGE_STANDARD = gnu99;
				GCC_NO_COMMON_BLOCKS = YES;
				GCC_WARN_64_TO_32_BIT_CONVERSION = YES;
				GCC_WARN_ABOUT_RETURN_TYPE = YES_ERROR;
				GCC_WARN_UNDECLARED_SELECTOR = YES;
				GCC_WARN_UNINITIALIZED_AUTOS = YES_AGGRESSIVE;
				GCC_WARN_UNUSED_FUNCTION = YES;
				GCC_WARN_UNUSED_VARIABLE = YES;
				IPHONEOS_DEPLOYMENT_TARGET = 9.3;
				MTL_ENABLE_DEBUG_INFO = NO;
				OTHER_LDFLAGS = "-ObjC";
				SDKROOT = iphoneos;
				TARGETED_DEVICE_FAMILY = "1,2";
				VALIDATE_PRODUCT = YES;
			};
			name = Release;
		};
		B0C9C0C51CBF2B0900269D1E /* Debug */ = {
			isa = XCBuildConfiguration;
			buildSettings = {
				ASSETCATALOG_COMPILER_APPICON_NAME = AppIcon;
				CLANG_ENABLE_MODULES = YES;
				FRAMEWORK_SEARCH_PATHS = (
					"$(inherited)",
					"$(PROJECT_DIR)/AdlibSDKSwiftSample",
					"$(PROJECT_DIR)",
				);
				INFOPLIST_FILE = AdlibSDKSwiftSample/Info.plist;
				LD_RUNPATH_SEARCH_PATHS = "$(inherited) @executable_path/Frameworks";
				PRODUCT_BUNDLE_IDENTIFIER = com.adlibr.AdlibSDKSwiftSample;
				PRODUCT_NAME = "$(TARGET_NAME)";
				SWIFT_OBJC_BRIDGING_HEADER = "AdlibSDKSwiftSample/ObjC/AdlibSDKSwiftSample-Bridging-Header.h";
				SWIFT_OPTIMIZATION_LEVEL = "-Onone";
			};
			name = Debug;
		};
		B0C9C0C61CBF2B0900269D1E /* Release */ = {
			isa = XCBuildConfiguration;
			buildSettings = {
				ASSETCATALOG_COMPILER_APPICON_NAME = AppIcon;
				CLANG_ENABLE_MODULES = YES;
				FRAMEWORK_SEARCH_PATHS = (
					"$(inherited)",
					"$(PROJECT_DIR)/AdlibSDKSwiftSample",
					"$(PROJECT_DIR)",
				);
				INFOPLIST_FILE = AdlibSDKSwiftSample/Info.plist;
				LD_RUNPATH_SEARCH_PATHS = "$(inherited) @executable_path/Frameworks";
				PRODUCT_BUNDLE_IDENTIFIER = com.adlibr.AdlibSDKSwiftSample;
				PRODUCT_NAME = "$(TARGET_NAME)";
				SWIFT_OBJC_BRIDGING_HEADER = "AdlibSDKSwiftSample/ObjC/AdlibSDKSwiftSample-Bridging-Header.h";
			};
			name = Release;
		};
/* End XCBuildConfiguration section */

/* Begin XCConfigurationList section */
		B0C9C0AD1CBF2B0900269D1E /* Build configuration list for PBXProject "AdlibSDKSwiftSample" */ = {
			isa = XCConfigurationList;
			buildConfigurations = (
				B0C9C0C21CBF2B0900269D1E /* Debug */,
				B0C9C0C31CBF2B0900269D1E /* Release */,
			);
			defaultConfigurationIsVisible = 0;
			defaultConfigurationName = Release;
		};
		B0C9C0C41CBF2B0900269D1E /* Build configuration list for PBXNativeTarget "AdlibSDKSwiftSample" */ = {
			isa = XCConfigurationList;
			buildConfigurations = (
				B0C9C0C51CBF2B0900269D1E /* Debug */,
				B0C9C0C61CBF2B0900269D1E /* Release */,
			);
			defaultConfigurationIsVisible = 0;
			defaultConfigurationName = Release;
		};
/* End XCConfigurationList section */
	};
	rootObject = B0C9C0AA1CBF2B0900269D1E /* Project object */;
}
